<Solution>
  <Configurations>
    <Platform Name="Any CPU" />
    <Platform Name="x64" />
    <Platform Name="x86" />
  </Configurations>
  <Folder Name="/samples/">
    <Project Path="samples/api/Sample.Api.csproj" />
    <Project Path="samples/console/Sample.Console.csproj" />
  </Folder>
  <Project Path="src/src.csproj" />
</Solution>
